
Microsoft Visual Studio Solution File, Format Version 12.00
# Visual Studio Version 17
VisualStudioVersion = 17.14.36203.30
MinimumVisualStudioVersion = 10.0.40219.1
Project("{FAE04EC0-301F-11D3-BF4B-00C04F79EFBC}") = "Shop.Domain", "src\Shop.Domain\Shop.Domain.csproj", "{E5C39B2B-8039-48F5-9322-6F3019AF0ACA}"
EndProject
Project("{2150E333-8FDC-42A3-9474-1A3956D46DE8}") = "Core", "Core", "{02EA681E-C7D8-13C7-8484-4AC65E1B71E8}"
EndProject
Project("{FAE04EC0-301F-11D3-BF4B-00C04F79EFBC}") = "Shop.Test", "src\Shop.Test\Shop.Test.csproj", "{10A6C4EE-8C11-4738-8629-1D3C2AA7F797}"
EndProject
Project("{FAE04EC0-301F-11D3-BF4B-00C04F79EFBC}") = "Shop.Application", "src\Shop.Application\Shop.Application.csproj", "{D4BA02BA-7515-4E37-8FCB-1F4F3A962464}"
EndProject
Project("{FAE04EC0-301F-11D3-BF4B-00C04F79EFBC}") = "Shop.Application.Command", "src\Shop.Application.Command\Shop.Application.Command.csproj", "{598EEF1C-E9A8-4CA8-8533-DEBE80497FF4}"
EndProject
Project("{FAE04EC0-301F-11D3-BF4B-00C04F79EFBC}") = "Shop.Infrastructure", "src\Shop.Infrastructure\Shop.Infrastructure.csproj", "{42FDE99A-B4A1-4015-9C26-F0A26DE1CE65}"
EndProject
Project("{FAE04EC0-301F-11D3-BF4B-00C04F79EFBC}") = "Shop.DomainService", "src\Shop.DomainService\Shop.DomainService.csproj", "{1598280E-EBA6-4FA6-81A2-F417164F77AD}"
EndProject
Project("{2150E333-8FDC-42A3-9474-1A3956D46DE8}") = "Presentations", "Presentations", "{211BC499-0D83-43AC-AF8B-0A06C5EEEDA3}"
EndProject
Project("{2150E333-8FDC-42A3-9474-1A3956D46DE8}") = "UI Library", "UI Library", "{A1F2E2C3-401D-4AE5-8FF5-963BF8914692}"
EndProject
Project("{2150E333-8FDC-42A3-9474-1A3956D46DE8}") = "Web", "Web", "{E080AF49-4709-4FB4-8BA2-DE2E4EBBAEF1}"
EndProject
Project("{2150E333-8FDC-42A3-9474-1A3956D46DE8}") = "Hybrid App", "Hybrid App", "{F4CC1A5C-8EF2-4C6D-AFE8-8A4D4C2C7DDE}"
EndProject
Project("{FAE04EC0-301F-11D3-BF4B-00C04F79EFBC}") = "BlazorApp", "src\BlazorApp\BlazorApp\BlazorApp.csproj", "{038000A2-3CD5-44BF-9011-D43C23C02C6B}"
EndProject
Project("{FAE04EC0-301F-11D3-BF4B-00C04F79EFBC}") = "BlazorApp.Client", "src\BlazorApp\BlazorApp.Client\BlazorApp.Client.csproj", "{B8156828-1725-45DB-89FE-E102668974C0}"
EndProject
Project("{FAE04EC0-301F-11D3-BF4B-00C04F79EFBC}") = "HybridShopApp", "src\HybridShopApp\HybridShopApp.csproj", "{4EB13BD7-8CFB-4FFC-86D9-8A4A2C7DD226}"
EndProject
Global
	GlobalSection(SolutionConfigurationPlatforms) = preSolution
		Debug|Any CPU = Debug|Any CPU
		Release|Any CPU = Release|Any CPU
	EndGlobalSection
	GlobalSection(ProjectConfigurationPlatforms) = postSolution
		{E5C39B2B-8039-48F5-9322-6F3019AF0ACA}.Debug|Any CPU.ActiveCfg = Debug|Any CPU
		{E5C39B2B-8039-48F5-9322-6F3019AF0ACA}.Debug|Any CPU.Build.0 = Debug|Any CPU
		{E5C39B2B-8039-48F5-9322-6F3019AF0ACA}.Release|Any CPU.ActiveCfg = Release|Any CPU
		{E5C39B2B-8039-48F5-9322-6F3019AF0ACA}.Release|Any CPU.Build.0 = Release|Any CPU
		{10A6C4EE-8C11-4738-8629-1D3C2AA7F797}.Debug|Any CPU.ActiveCfg = Debug|Any CPU
		{10A6C4EE-8C11-4738-8629-1D3C2AA7F797}.Debug|Any CPU.Build.0 = Debug|Any CPU
		{10A6C4EE-8C11-4738-8629-1D3C2AA7F797}.Release|Any CPU.ActiveCfg = Release|Any CPU
		{10A6C4EE-8C11-4738-8629-1D3C2AA7F797}.Release|Any CPU.Build.0 = Release|Any CPU
		{D4BA02BA-7515-4E37-8FCB-1F4F3A962464}.Debug|Any CPU.ActiveCfg = Debug|Any CPU
		{D4BA02BA-7515-4E37-8FCB-1F4F3A962464}.Debug|Any CPU.Build.0 = Debug|Any CPU
		{D4BA02BA-7515-4E37-8FCB-1F4F3A962464}.Release|Any CPU.ActiveCfg = Release|Any CPU
		{D4BA02BA-7515-4E37-8FCB-1F4F3A962464}.Release|Any CPU.Build.0 = Release|Any CPU
		{598EEF1C-E9A8-4CA8-8533-DEBE80497FF4}.Debug|Any CPU.ActiveCfg = Debug|Any CPU
		{598EEF1C-E9A8-4CA8-8533-DEBE80497FF4}.Debug|Any CPU.Build.0 = Debug|Any CPU
		{598EEF1C-E9A8-4CA8-8533-DEBE80497FF4}.Release|Any CPU.ActiveCfg = Release|Any CPU
		{598EEF1C-E9A8-4CA8-8533-DEBE80497FF4}.Release|Any CPU.Build.0 = Release|Any CPU
		{42FDE99A-B4A1-4015-9C26-F0A26DE1CE65}.Debug|Any CPU.ActiveCfg = Debug|Any CPU
		{42FDE99A-B4A1-4015-9C26-F0A26DE1CE65}.Debug|Any CPU.Build.0 = Debug|Any CPU
		{42FDE99A-B4A1-4015-9C26-F0A26DE1CE65}.Release|Any CPU.ActiveCfg = Release|Any CPU
		{42FDE99A-B4A1-4015-9C26-F0A26DE1CE65}.Release|Any CPU.Build.0 = Release|Any CPU
		{1598280E-EBA6-4FA6-81A2-F417164F77AD}.Debug|Any CPU.ActiveCfg = Debug|Any CPU
		{1598280E-EBA6-4FA6-81A2-F417164F77AD}.Debug|Any CPU.Build.0 = Debug|Any CPU
		{1598280E-EBA6-4FA6-81A2-F417164F77AD}.Release|Any CPU.ActiveCfg = Release|Any CPU
		{1598280E-EBA6-4FA6-81A2-F417164F77AD}.Release|Any CPU.Build.0 = Release|Any CPU
		{038000A2-3CD5-44BF-9011-D43C23C02C6B}.Debug|Any CPU.ActiveCfg = Debug|Any CPU
		{038000A2-3CD5-44BF-9011-D43C23C02C6B}.Debug|Any CPU.Build.0 = Debug|Any CPU
		{038000A2-3CD5-44BF-9011-D43C23C02C6B}.Release|Any CPU.ActiveCfg = Release|Any CPU
		{038000A2-3CD5-44BF-9011-D43C23C02C6B}.Release|Any CPU.Build.0 = Release|Any CPU
		{B8156828-1725-45DB-89FE-E102668974C0}.Debug|Any CPU.ActiveCfg = Debug|Any CPU
		{B8156828-1725-45DB-89FE-E102668974C0}.Debug|Any CPU.Build.0 = Debug|Any CPU
		{B8156828-1725-45DB-89FE-E102668974C0}.Release|Any CPU.ActiveCfg = Release|Any CPU
		{B8156828-1725-45DB-89FE-E102668974C0}.Release|Any CPU.Build.0 = Release|Any CPU
		{4EB13BD7-8CFB-4FFC-86D9-8A4A2C7DD226}.Debug|Any CPU.ActiveCfg = Debug|Any CPU
		{4EB13BD7-8CFB-4FFC-86D9-8A4A2C7DD226}.Debug|Any CPU.Build.0 = Debug|Any CPU
		{4EB13BD7-8CFB-4FFC-86D9-8A4A2C7DD226}.Debug|Any CPU.Deploy.0 = Debug|Any CPU
		{4EB13BD7-8CFB-4FFC-86D9-8A4A2C7DD226}.Release|Any CPU.ActiveCfg = Release|Any CPU
		{4EB13BD7-8CFB-4FFC-86D9-8A4A2C7DD226}.Release|Any CPU.Build.0 = Release|Any CPU
		{4EB13BD7-8CFB-4FFC-86D9-8A4A2C7DD226}.Release|Any CPU.Deploy.0 = Release|Any CPU
	EndGlobalSection
	GlobalSection(SolutionProperties) = preSolution
		HideSolutionNode = FALSE
	EndGlobalSection
	GlobalSection(NestedProjects) = preSolution
		{E5C39B2B-8039-48F5-9322-6F3019AF0ACA} = {02EA681E-C7D8-13C7-8484-4AC65E1B71E8}
		{D4BA02BA-7515-4E37-8FCB-1F4F3A962464} = {02EA681E-C7D8-13C7-8484-4AC65E1B71E8}
		{598EEF1C-E9A8-4CA8-8533-DEBE80497FF4} = {02EA681E-C7D8-13C7-8484-4AC65E1B71E8}
		{1598280E-EBA6-4FA6-81A2-F417164F77AD} = {02EA681E-C7D8-13C7-8484-4AC65E1B71E8}
		{A1F2E2C3-401D-4AE5-8FF5-963BF8914692} = {211BC499-0D83-43AC-AF8B-0A06C5EEEDA3}
		{E080AF49-4709-4FB4-8BA2-DE2E4EBBAEF1} = {211BC499-0D83-43AC-AF8B-0A06C5EEEDA3}
		{F4CC1A5C-8EF2-4C6D-AFE8-8A4D4C2C7DDE} = {211BC499-0D83-43AC-AF8B-0A06C5EEEDA3}
		{038000A2-3CD5-44BF-9011-D43C23C02C6B} = {E080AF49-4709-4FB4-8BA2-DE2E4EBBAEF1}
		{B8156828-1725-45DB-89FE-E102668974C0} = {E080AF49-4709-4FB4-8BA2-DE2E4EBBAEF1}
		{4EB13BD7-8CFB-4FFC-86D9-8A4A2C7DD226} = {F4CC1A5C-8EF2-4C6D-AFE8-8A4D4C2C7DDE}
	EndGlobalSection
	GlobalSection(ExtensibilityGlobals) = postSolution
		SolutionGuid = {C0E3DB07-0999-440F-B343-9977D721EC54}
	EndGlobalSection
EndGlobal
